# THIS IS AN AUTOGENERATED FILE. DO NOT EDIT THIS FILE DIRECTLY.
# yarn lockfile v1


new-css-in-js@0.0.1-4:
  version "0.0.1-4"
  resolved "https://registry.yarnpkg.com/new-css-in-js/-/new-css-in-js-0.0.1-4.tgz#79ce1592851862396f3aed48e44780e678a1994d"
  dependencies:
    stylis "^3.2.11"

react-new-css-in-js@0.0.1-4:
  version "0.0.1-4"
  resolved "https://registry.yarnpkg.com/react-new-css-in-js/-/react-new-css-in-js-0.0.1-4.tgz#a748c720f9102e31a95330ee339b3cd9c0f5ea12"

stylis@^3.2.11:
  version "3.2.15"
  resolved "https://registry.yarnpkg.com/stylis/-/stylis-3.2.15.tgz#1800f829fdf3cf0d647ae6cdb5fb70a1fd81c3e2"
