# THIS IS AN AUTOGENERATED FILE. DO NOT EDIT THIS FILE DIRECTLY.
# yarn lockfile v1


new-css-in-js@0.0.1-9:
  version "0.0.1-9"
  resolved "https://registry.yarnpkg.com/new-css-in-js/-/new-css-in-js-0.0.1-9.tgz#9fd679452eb4dca4029eafb27ec123cdf9d01809"
  dependencies:
    stylis "^3.2.11"

stylis@^3.2.11:
  version "3.2.15"
  resolved "https://registry.yarnpkg.com/stylis/-/stylis-3.2.15.tgz#1800f829fdf3cf0d647ae6cdb5fb70a1fd81c3e2"
